Microsoft Visual Studio Solution File, Format Version 12.00
# Visual Studio Version 18
VisualStudioVersion = 18.2.11415.280 d18.0
MinimumVisualStudioVersion = 10.0.40219.1
Project("{2150E333-8FDC-42A3-9474-1A3956D46DE8}") = "csharp", "csharp", "{B41BF331-FCCB-2ADF-CDB6-767964B34647}"
EndProject
Project("{FAE04EC0-301F-11D3-BF4B-00C04F79EFBC}") = "Projektarbeit.Orchestrator", "csharp\Projektarbeit.Orchestrator\Projektarbeit.Orchestrator.csproj", "{B6B18030-594F-E2D2-67EC-1D4A59920BD8}"
EndProject
Project("{FAE04EC0-301F-11D3-BF4B-00C04F79EFBC}") = "Projektarbeit.UI", "Projektarbeit.UI\Projektarbeit.UI.csproj", "{A06BCF0F-E673-4CFB-A4A2-0F2AB7FD1544}"
EndProject
Global
	GlobalSection(SolutionConfigurationPlatforms) = preSolution
		Debug|Any CPU = Debug|Any CPU
		Release|Any CPU = Release|Any CPU
	EndGlobalSection
	GlobalSection(ProjectConfigurationPlatforms) = postSolution
		{B6B18030-594F-E2D2-67EC-1D4A59920BD8}.Debug|Any CPU.ActiveCfg = Debug|Any CPU
		{B6B18030-594F-E2D2-67EC-1D4A59920BD8}.Debug|Any CPU.Build.0 = Debug|Any CPU
		{B6B18030-594F-E2D2-67EC-1D4A59920BD8}.Release|Any CPU.ActiveCfg = Release|Any CPU
		{B6B18030-594F-E2D2-67EC-1D4A59920BD8}.Release|Any CPU.Build.0 = Release|Any CPU
		{A06BCF0F-E673-4CFB-A4A2-0F2AB7FD1544}.Debug|Any CPU.ActiveCfg = Debug|Any CPU
		{A06BCF0F-E673-4CFB-A4A2-0F2AB7FD1544}.Debug|Any CPU.Build.0 = Debug|Any CPU
		{A06BCF0F-E673-4CFB-A4A2-0F2AB7FD1544}.Release|Any CPU.ActiveCfg = Release|Any CPU
		{A06BCF0F-E673-4CFB-A4A2-0F2AB7FD1544}.Release|Any CPU.Build.0 = Release|Any CPU
	EndGlobalSection
	GlobalSection(SolutionProperties) = preSolution
		HideSolutionNode = FALSE
	EndGlobalSection
	GlobalSection(NestedProjects) = preSolution
		{B6B18030-594F-E2D2-67EC-1D4A59920BD8} = {B41BF331-FCCB-2ADF-CDB6-767964B34647}
	EndGlobalSection
	GlobalSection(ExtensibilityGlobals) = postSolution
		SolutionGuid = {1DF68B9D-858D-4EF9-9968-78BA5BB303D5}
	EndGlobalSection
EndGlobal
